
Microsoft Visual Studio Solution File, Format Version 12.00
# Visual Studio Version 17
VisualStudioVersion = 17.11.35312.102
MinimumVisualStudioVersion = 10.0.40219.1
Project("{9A19103F-16F7-4668-BE54-9A1E7A4F7556}") = "peng-tim-a5-2d-game", "peng-tim-a5-2d-game.csproj", "{FA507584-9C99-4C85-B298-AC7C414A04D4}"
EndProject
Global
	GlobalSection(SolutionConfigurationPlatforms) = preSolution
		Debug|Any CPU = Debug|Any CPU
		ExportDebug|Any CPU = ExportDebug|Any CPU
		ExportRelease|Any CPU = ExportRelease|Any CPU
	EndGlobalSection
	GlobalSection(ProjectConfigurationPlatforms) = postSolution
		{FA507584-9C99-4C85-B298-AC7C414A04D4}.Debug|Any CPU.ActiveCfg = Debug|Any CPU
		{FA507584-9C99-4C85-B298-AC7C414A04D4}.Debug|Any CPU.Build.0 = Debug|Any CPU
		{FA507584-9C99-4C85-B298-AC7C414A04D4}.ExportDebug|Any CPU.ActiveCfg = ExportDebug|Any CPU
		{FA507584-9C99-4C85-B298-AC7C414A04D4}.ExportDebug|Any CPU.Build.0 = ExportDebug|Any CPU
		{FA507584-9C99-4C85-B298-AC7C414A04D4}.ExportRelease|Any CPU.ActiveCfg = ExportRelease|Any CPU
		{FA507584-9C99-4C85-B298-AC7C414A04D4}.ExportRelease|Any CPU.Build.0 = ExportRelease|Any CPU
	EndGlobalSection
	GlobalSection(SolutionProperties) = preSolution
		HideSolutionNode = FALSE
	EndGlobalSection
EndGlobal
